// !$*UTF8*$!
{
	archiveVersion = 1;
	classes = {
	};
	objectVersion = 46;
	objects = {

/* Begin PBXBuildFile section */
		B51050501CB4242600916BEF /* AppDelegate.swift in Sources */ = {isa = PBXBuildFile; fileRef = B510504F1CB4242600916BEF /* AppDelegate.swift */; };
		B51050521CB4242600916BEF /* ViewController.swift in Sources */ = {isa = PBXBuildFile; fileRef = B51050511CB4242600916BEF /* ViewController.swift */; };
		B51050551CB4242600916BEF /* Main.storyboard in Resources */ = {isa = PBXBuildFile; fileRef = B51050531CB4242600916BEF /* Main.storyboard */; };
		B51050571CB4242600916BEF /* Assets.xcassets in Resources */ = {isa = PBXBuildFile; fileRef = B51050561CB4242600916BEF /* Assets.xcassets */; };
		B510505A1CB4242600916BEF /* LaunchScreen.storyboard in Resources */ = {isa = PBXBuildFile; fileRef = B51050581CB4242600916BEF /* LaunchScreen.storyboard */; };
/* End PBXBuildFile section */

/* Begin PBXFileReference section */
		B510504C1CB4242500916BEF /* Remainders.app */ = {isa = PBXFileReference; explicitFileType = wrapper.application; includeInIndex = 0; path = Remainders.app; sourceTree = BUILT_PRODUCTS_DIR; };
		B510504F1CB4242600916BEF /* AppDelegate.swift */ = {isa = PBXFileReference; lastKnownFileType = sourcecode.swift; path = AppDelegate.swift; sourceTree = "<group>"; };
		B51050511CB4242600916BEF /* ViewController.swift */ = {isa = PBXFileReference; lastKnownFileType = sourcecode.swift; path = ViewController.swift; sourceTree = "<group>"; };
		B51050541CB4242600916BEF /* Base */ = {isa = PBXFileReference; lastKnownFileType = file.storyboard; name = Base; path = Base.lproj/Main.storyboard; sourceTree = "<group>"; };
		B51050561CB4242600916BEF /* Assets.xcassets */ = {isa = PBXFileReference; lastKnownFileType = folder.assetcatalog; path = Assets.xcassets; sourceTree = "<group>"; };
		B51050591CB4242600916BEF /* Base */ = {isa = PBXFileReference; lastKnownFileType = file.storyboard; name = Base; path = Base.lproj/LaunchScreen.storyboard; sourceTree = "<group>"; };
		B510505B1CB4242600916BEF /* Info.plist */ = {isa = PBXFileReference; lastKnownFileType = text.plist.xml; path = Info.plist; sourceTree = "<group>"; };
/* End PBXFileReference section */

/* Begin PBXFrameworksBuildPhase section */
		B51050491CB4242500916BEF /* Frameworks */ = {
			isa = PBXFrameworksBuildPhase;
			buildActionMask = 2147483647;
			files = (
			);
			runOnlyForDeploymentPostprocessing = 0;
		};
/* End PBXFrameworksBuildPhase section */

/* Begin PBXGroup section */
		B51050431CB4242500916BEF = {
			isa = PBXGroup;
			children = (
				B510504E1CB4242600916BEF /* Remainders */,
				B510504D1CB4242500916BEF /* Products */,
			);
			sourceTree = "<group>";
		};
		B510504D1CB4242500916BEF /* Products */ = {
			isa = PBXGroup;
			children = (
				B510504C1CB4242500916BEF /* Remainders.app */,
			);
			name = Products;
			sourceTree = "<group>";
		};
		B510504E1CB4242600916BEF /* Remainders */ = {
			isa = PBXGroup;
			children = (
				B510504F1CB4242600916BEF /* AppDelegate.swift */,
				B51050511CB4242600916BEF /* ViewController.swift */,
				B51050531CB4242600916BEF /* Main.storyboard */,
				B51050561CB4242600916BEF /* Assets.xcassets */,
				B51050581CB4242600916BEF /* LaunchScreen.storyboard */,
				B510505B1CB4242600916BEF /* Info.plist */,
			);
			path = Remainders;
			sourceTree = "<group>";
		};
/* End PBXGroup section */

/* Begin PBXNativeTarget section */
		B510504B1CB4242500916BEF /* Remainders */ = {
			isa = PBXNativeTarget;
			buildConfigurationList = B510505E1CB4242600916BEF /* Build configuration list for PBXNativeTarget "Remainders" */;
			buildPhases = (
				B51050481CB4242500916BEF /* Sources */,
				B51050491CB4242500916BEF /* Frameworks */,
				B510504A1CB4242500916BEF /* Resources */,
			);
			buildRules = (
			);
			dependencies = (
			);
			name = Remainders;
			productName = Remainders;
			productReference = B510504C1CB4242500916BEF /* Remainders.app */;
			productType = "com.apple.product-type.application";
		};
/* End PBXNativeTarget section */

/* Begin PBXProject section */
		B51050441CB4242500916BEF /* Project object */ = {
			isa = PBXProject;
			attributes = {
				LastSwiftUpdateCheck = 0730;
				LastUpgradeCheck = 0730;
				ORGANIZATIONNAME = projas;
				TargetAttributes = {
					B510504B1CB4242500916BEF = {
						CreatedOnToolsVersion = 7.3;
						DevelopmentTeam = LHJA6J73E9;
					};
				};
			};
			buildConfigurationList = B51050471CB4242500916BEF /* Build configuration list for PBXProject "Remainders" */;
			compatibilityVersion = "Xcode 3.2";
			developmentRegion = English;
			hasScannedForEncodings = 0;
			knownRegions = (
				en,
				Base,
			);
			mainGroup = B51050431CB4242500916BEF;
			productRefGroup = B510504D1CB4242500916BEF /* Products */;
			projectDirPath = "";
			projectRoot = "";
			targets = (
				B510504B1CB4242500916BEF /* Remainders */,
			);
		};
/* End PBXProject section */

/* Begin PBXResourcesBuildPhase section */
		B510504A1CB4242500916BEF /* Resources */ = {
			isa = PBXResourcesBuildPhase;
			buildActionMask = 2147483647;
			files = (
				B510505A1CB4242600916BEF /* LaunchScreen.storyboard in Resources */,
				B51050571CB4242600916BEF /* Assets.xcassets in Resources */,
				B51050551CB4242600916BEF /* Main.storyboard in Resources */,
			);
			runOnlyForDeploymentPostprocessing = 0;
		};
/* End PBXResourcesBuildPhase section */

/* Begin PBXSourcesBuildPhase section */
		B51050481CB4242500916BEF /* Sources */ = {
			isa = PBXSourcesBuildPhase;
			buildActionMask = 2147483647;
			files = (
				B51050521CB4242600916BEF /* ViewController.swift in Sources */,
				B51050501CB4242600916BEF /* AppDelegate.swift in Sources */,
			);
			runOnlyForDeploymentPostprocessing = 0;
		};
/* End PBXSourcesBuildPhase section */

/* Begin PBXVariantGroup section */
		B51050531CB4242600916BEF /* Main.storyboard */ = {
			isa = PBXVariantGroup;
			children = (
				B51050541CB4242600916BEF /* Base */,
			);
			name = Main.storyboard;
			sourceTree = "<group>";
		};
		B51050581CB4242600916BEF /* LaunchScreen.storyboard */ = {
			isa = PBXVariantGroup;
			children = (
				B51050591CB4242600916BEF /* Base */,
			);
			name = LaunchScreen.storyboard;
			sourceTree = "<group>";
		};
/* End PBXVariantGroup section */

/* Begin XCBuildConfiguration section */
		B510505C1CB4242600916BEF /* Debug */ = {
			isa = XCBuildConfiguration;
			buildSettings = {
				ALWAYS_SEARCH_USER_PATHS = NO;
				CLANG_ANALYZER_NONNULL = YES;
				CLANG_CXX_LANGUAGE_STANDARD = "gnu++0x";
				CLANG_CXX_LIBRARY = "libc++";
				CLANG_ENABLE_MODULES = YES;
				CLANG_ENABLE_OBJC_ARC = YES;
				CLANG_WARN_BOOL_CONVERSION = YES;
				CLANG_WARN_CONSTANT_CONVERSION = YES;
				CLANG_WARN_DIRECT_OBJC_ISA_USAGE = YES_ERROR;
				CLANG_WARN_EMPTY_BODY = YES;
				CLANG_WARN_ENUM_CONVERSION = YES;
				CLANG_WARN_INT_CONVERSION = YES;
				CLANG_WARN_OBJC_ROOT_CLASS = YES_ERROR;
				CLANG_WARN_UNREACHABLE_CODE = YES;
				CLANG_WARN__DUPLICATE_METHOD_MATCH = YES;
				"CODE_SIGN_IDENTITY[sdk=iphoneos*]" = "iPhone Developer";
				COPY_PHASE_STRIP = NO;
				DEBUG_INFORMATION_FORMAT = dwarf;
				ENABLE_STRICT_OBJC_MSGSEND = YES;
				ENABLE_TESTABILITY = YES;
				GCC_C_LANGUAGE_STANDARD = gnu99;
				GCC_DYNAMIC_NO_PIC = NO;
				GCC_NO_COMMON_BLOCKS = YES;
				GCC_OPTIMIZATION_LEVEL = 0;
				GCC_PREPROCESSOR_DEFINITIONS = (
					"DEBUG=1",
					"$(inherited)",
				);
				GCC_WARN_64_TO_32_BIT_CONVERSION = YES;
				GCC_WARN_ABOUT_RETURN_TYPE = YES_ERROR;
				GCC_WARN_UNDECLARED_SELECTOR = YES;
				GCC_WARN_UNINITIALIZED_AUTOS = YES_AGGRESSIVE;
				GCC_WARN_UNUSED_FUNCTION = YES;
				GCC_WARN_UNUSED_VARIABLE = YES;
				IPHONEOS_DEPLOYMENT_TARGET = 9.3;
				MTL_ENABLE_DEBUG_INFO = YES;
				ONLY_ACTIVE_ARCH = YES;
				SDKROOT = iphoneos;
				SWIFT_OPTIMIZATION_LEVEL = "-Onone";
			};
			name = Debug;
		};
		B510505D1CB4242600916BEF /* Release */ = {
			isa = XCBuildConfiguration;
			buildSettings = {
				ALWAYS_SEARCH_USER_PATHS = NO;
				CLANG_ANALYZER_NONNULL = YES;
				CLANG_CXX_LANGUAGE_STANDARD = "gnu++0x";
				CLANG_CXX_LIBRARY = "libc++";
				CLANG_ENABLE_MODULES = YES;
				CLANG_ENABLE_OBJC_ARC = YES;
				CLANG_WARN_BOOL_CONVERSION = YES;
				CLANG_WARN_CONSTANT_CONVERSION = YES;
				CLANG_WARN_DIRECT_OBJC_ISA_USAGE = YES_ERROR;
				CLANG_WARN_EMPTY_BODY = YES;
				CLANG_WARN_ENUM_CONVERSION = YES;
				CLANG_WARN_INT_CONVERSION = YES;
				CLANG_WARN_OBJC_ROOT_CLASS = YES_ERROR;
				CLANG_WARN_UNREACHABLE_CODE = YES;
				CLANG_WARN__DUPLICATE_METHOD_MATCH = YES;
				"CODE_SIGN_IDENTITY[sdk=iphoneos*]" = "iPhone Developer";
				COPY_PHASE_STRIP = NO;
				DEBUG_INFORMATION_FORMAT = "dwarf-with-dsym";
				ENABLE_NS_ASSERTIONS = NO;
				ENABLE_STRICT_OBJC_MSGSEND = YES;
				GCC_C_LANGUAGE_STANDARD = gnu99;
				GCC_NO_COMMON_BLOCKS = YES;
				GCC_WARN_64_TO_32_BIT_CONVERSION = YES;
				GCC_WARN_ABOUT_RETURN_TYPE = YES_ERROR;
				GCC_WARN_UNDECLARED_SELECTOR = YES;
				GCC_WARN_UNINITIALIZED_AUTOS = YES_AGGRESSIVE;
				GCC_WARN_UNUSED_FUNCTION = YES;
				GCC_WARN_UNUSED_VARIABLE = YES;
				IPHONEOS_DEPLOYMENT_TARGET = 9.3;
				MTL_ENABLE_DEBUG_INFO = NO;
				SDKROOT = iphoneos;
				VALIDATE_PRODUCT = YES;
			};
			name = Release;
		};
		B510505F1CB4242600916BEF /* Debug */ = {
			isa = XCBuildConfiguration;
			buildSettings = {
				ASSETCATALOG_COMPILER_APPICON_NAME = AppIcon;
				CODE_SIGN_IDENTITY = "iPhone Developer";
				"CODE_SIGN_IDENTITY[sdk=iphoneos*]" = "iPhone Developer";
				INFOPLIST_FILE = Remainders/Info.plist;
				LD_RUNPATH_SEARCH_PATHS = "$(inherited) @executable_path/Frameworks";
				PRODUCT_BUNDLE_IDENTIFIER = nearsoft.Remainders;
				PRODUCT_NAME = "$(TARGET_NAME)";
				PROVISIONING_PROFILE = "";
			};
			name = Debug;
		};
		B51050601CB4242600916BEF /* Release */ = {
			isa = XCBuildConfiguration;
			buildSettings = {
				ASSETCATALOG_COMPILER_APPICON_NAME = AppIcon;
				CODE_SIGN_IDENTITY = "iPhone Developer";
				"CODE_SIGN_IDENTITY[sdk=iphoneos*]" = "iPhone Developer";
				INFOPLIST_FILE = Remainders/Info.plist;
				LD_RUNPATH_SEARCH_PATHS = "$(inherited) @executable_path/Frameworks";
				PRODUCT_BUNDLE_IDENTIFIER = nearsoft.Remainders;
				PRODUCT_NAME = "$(TARGET_NAME)";
				PROVISIONING_PROFILE = "";
			};
			name = Release;
		};
/* End XCBuildConfiguration section */

/* Begin XCConfigurationList section */
		B51050471CB4242500916BEF /* Build configuration list for PBXProject "Remainders" */ = {
			isa = XCConfigurationList;
			buildConfigurations = (
				B510505C1CB4242600916BEF /* Debug */,
				B510505D1CB4242600916BEF /* Release */,
			);
			defaultConfigurationIsVisible = 0;
			defaultConfigurationName = Release;
		};
		B510505E1CB4242600916BEF /* Build configuration list for PBXNativeTarget "Remainders" */ = {
			isa = XCConfigurationList;
			buildConfigurations = (
				B510505F1CB4242600916BEF /* Debug */,
				B51050601CB4242600916BEF /* Release */,
			);
			defaultConfigurationIsVisible = 0;
		};
/* End XCConfigurationList section */
	};
	rootObject = B51050441CB4242500916BEF /* Project object */;
}
